// !$*UTF8*$!
{
	archiveVersion = 1;
	classes = {
	};
	objectVersion = 50;
	objects = {

/* Begin PBXBuildFile section */
		322A78962528B119007C09C9 /* testIOSApp.swift in Sources */ = {isa = PBXBuildFile; fileRef = 322A78952528B119007C09C9 /* testIOSApp.swift */; };
		322A78982528B119007C09C9 /* ContentView.swift in Sources */ = {isa = PBXBuildFile; fileRef = 322A78972528B119007C09C9 /* ContentView.swift */; };
		322A789A2528B11A007C09C9 /* Assets.xcassets in Resources */ = {isa = PBXBuildFile; fileRef = 322A78992528B11A007C09C9 /* Assets.xcassets */; };
		322A789D2528B11A007C09C9 /* Preview Assets.xcassets in Resources */ = {isa = PBXBuildFile; fileRef = 322A789C2528B11A007C09C9 /* Preview Assets.xcassets */; };
		322A78A82528B11A007C09C9 /* testIOSTests.swift in Sources */ = {isa = PBXBuildFile; fileRef = 322A78A72528B11A007C09C9 /* testIOSTests.swift */; };
		322A78B32528B11A007C09C9 /* testIOSUITests.swift in Sources */ = {isa = PBXBuildFile; fileRef = 322A78B22528B11A007C09C9 /* testIOSUITests.swift */; };
/* End PBXBuildFile section */

/* Begin PBXContainerItemProxy section */
		322A78A42528B11A007C09C9 /* PBXContainerItemProxy */ = {
			isa = PBXContainerItemProxy;
			containerPortal = 322A788A2528B119007C09C9 /* Project object */;
			proxyType = 1;
			remoteGlobalIDString = 322A78912528B119007C09C9;
			remoteInfo = testIOS;
		};
		322A78AF2528B11A007C09C9 /* PBXContainerItemProxy */ = {
			isa = PBXContainerItemProxy;
			containerPortal = 322A788A2528B119007C09C9 /* Project object */;
			proxyType = 1;
			remoteGlobalIDString = 322A78912528B119007C09C9;
			remoteInfo = testIOS;
		};
/* End PBXContainerItemProxy section */

/* Begin PBXFileReference section */
		322A78922528B119007C09C9 /* testIOS.app */ = {isa = PBXFileReference; explicitFileType = wrapper.application; includeInIndex = 0; path = testIOS.app; sourceTree = BUILT_PRODUCTS_DIR; };
		322A78952528B119007C09C9 /* testIOSApp.swift */ = {isa = PBXFileReference; lastKnownFileType = sourcecode.swift; path = testIOSApp.swift; sourceTree = "<group>"; };
		322A78972528B119007C09C9 /* ContentView.swift */ = {isa = PBXFileReference; lastKnownFileType = sourcecode.swift; path = ContentView.swift; sourceTree = "<group>"; };
		322A78992528B11A007C09C9 /* Assets.xcassets */ = {isa = PBXFileReference; lastKnownFileType = folder.assetcatalog; path = Assets.xcassets; sourceTree = "<group>"; };
		322A789C2528B11A007C09C9 /* Preview Assets.xcassets */ = {isa = PBXFileReference; lastKnownFileType = folder.assetcatalog; path = "Preview Assets.xcassets"; sourceTree = "<group>"; };
		322A789E2528B11A007C09C9 /* Info.plist */ = {isa = PBXFileReference; lastKnownFileType = text.plist.xml; path = Info.plist; sourceTree = "<group>"; };
		322A78A32528B11A007C09C9 /* testIOSTests.xctest */ = {isa = PBXFileReference; explicitFileType = wrapper.cfbundle; includeInIndex = 0; path = testIOSTests.xctest; sourceTree = BUILT_PRODUCTS_DIR; };
		322A78A72528B11A007C09C9 /* testIOSTests.swift */ = {isa = PBXFileReference; lastKnownFileType = sourcecode.swift; path = testIOSTests.swift; sourceTree = "<group>"; };
		322A78A92528B11A007C09C9 /* Info.plist */ = {isa = PBXFileReference; lastKnownFileType = text.plist.xml; path = Info.plist; sourceTree = "<group>"; };
		322A78AE2528B11A007C09C9 /* testIOSUITests.xctest */ = {isa = PBXFileReference; explicitFileType = wrapper.cfbundle; includeInIndex = 0; path = testIOSUITests.xctest; sourceTree = BUILT_PRODUCTS_DIR; };
		322A78B22528B11A007C09C9 /* testIOSUITests.swift */ = {isa = PBXFileReference; lastKnownFileType = sourcecode.swift; path = testIOSUITests.swift; sourceTree = "<group>"; };
		322A78B42528B11A007C09C9 /* Info.plist */ = {isa = PBXFileReference; lastKnownFileType = text.plist.xml; path = Info.plist; sourceTree = "<group>"; };
/* End PBXFileReference section */

/* Begin PBXFrameworksBuildPhase section */
		322A788F2528B119007C09C9 /* Frameworks */ = {
			isa = PBXFrameworksBuildPhase;
			buildActionMask = 2147483647;
			files = (
			);
			runOnlyForDeploymentPostprocessing = 0;
		};
		322A78A02528B11A007C09C9 /* Frameworks */ = {
			isa = PBXFrameworksBuildPhase;
			buildActionMask = 2147483647;
			files = (
			);
			runOnlyForDeploymentPostprocessing = 0;
		};
		322A78AB2528B11A007C09C9 /* Frameworks */ = {
			isa = PBXFrameworksBuildPhase;
			buildActionMask = 2147483647;
			files = (
			);
			runOnlyForDeploymentPostprocessing = 0;
		};
/* End PBXFrameworksBuildPhase section */

/* Begin PBXGroup section */
		322A78892528B119007C09C9 = {
			isa = PBXGroup;
			children = (
				322A78942528B119007C09C9 /* testIOS */,
				322A78A62528B11A007C09C9 /* testIOSTests */,
				322A78B12528B11A007C09C9 /* testIOSUITests */,
				322A78932528B119007C09C9 /* Products */,
			);
			sourceTree = "<group>";
		};
		322A78932528B119007C09C9 /* Products */ = {
			isa = PBXGroup;
			children = (
				322A78922528B119007C09C9 /* testIOS.app */,
				322A78A32528B11A007C09C9 /* testIOSTests.xctest */,
				322A78AE2528B11A007C09C9 /* testIOSUITests.xctest */,
			);
			name = Products;
			sourceTree = "<group>";
		};
		322A78942528B119007C09C9 /* testIOS */ = {
			isa = PBXGroup;
			children = (
				322A78952528B119007C09C9 /* testIOSApp.swift */,
				322A78972528B119007C09C9 /* ContentView.swift */,
				322A78992528B11A007C09C9 /* Assets.xcassets */,
				322A789E2528B11A007C09C9 /* Info.plist */,
				322A789B2528B11A007C09C9 /* Preview Content */,
			);
			path = testIOS;
			sourceTree = "<group>";
		};
		322A789B2528B11A007C09C9 /* Preview Content */ = {
			isa = PBXGroup;
			children = (
				322A789C2528B11A007C09C9 /* Preview Assets.xcassets */,
			);
			path = "Preview Content";
			sourceTree = "<group>";
		};
		322A78A62528B11A007C09C9 /* testIOSTests */ = {
			isa = PBXGroup;
			children = (
				322A78A72528B11A007C09C9 /* testIOSTests.swift */,
				322A78A92528B11A007C09C9 /* Info.plist */,
			);
			path = testIOSTests;
			sourceTree = "<group>";
		};
		322A78B12528B11A007C09C9 /* testIOSUITests */ = {
			isa = PBXGroup;
			children = (
				322A78B22528B11A007C09C9 /* testIOSUITests.swift */,
				322A78B42528B11A007C09C9 /* Info.plist */,
			);
			path = testIOSUITests;
			sourceTree = "<group>";
		};
/* End PBXGroup section */

/* Begin PBXNativeTarget section */
		322A78912528B119007C09C9 /* testIOS */ = {
			isa = PBXNativeTarget;
			buildConfigurationList = 322A78B72528B11A007C09C9 /* Build configuration list for PBXNativeTarget "testIOS" */;
			buildPhases = (
				322A788E2528B119007C09C9 /* Sources */,
				322A788F2528B119007C09C9 /* Frameworks */,
				322A78902528B119007C09C9 /* Resources */,
			);
			buildRules = (
			);
			dependencies = (
			);
			name = testIOS;
			productName = testIOS;
			productReference = 322A78922528B119007C09C9 /* testIOS.app */;
			productType = "com.apple.product-type.application";
		};
		322A78A22528B11A007C09C9 /* testIOSTests */ = {
			isa = PBXNativeTarget;
			buildConfigurationList = 322A78BA2528B11A007C09C9 /* Build configuration list for PBXNativeTarget "testIOSTests" */;
			buildPhases = (
				322A789F2528B11A007C09C9 /* Sources */,
				322A78A02528B11A007C09C9 /* Frameworks */,
				322A78A12528B11A007C09C9 /* Resources */,
			);
			buildRules = (
			);
			dependencies = (
				322A78A52528B11A007C09C9 /* PBXTargetDependency */,
			);
			name = testIOSTests;
			productName = testIOSTests;
			productReference = 322A78A32528B11A007C09C9 /* testIOSTests.xctest */;
			productType = "com.apple.product-type.bundle.unit-test";
		};
		322A78AD2528B11A007C09C9 /* testIOSUITests */ = {
			isa = PBXNativeTarget;
			buildConfigurationList = 322A78BD2528B11A007C09C9 /* Build configuration list for PBXNativeTarget "testIOSUITests" */;
			buildPhases = (
				322A78AA2528B11A007C09C9 /* Sources */,
				322A78AB2528B11A007C09C9 /* Frameworks */,
				322A78AC2528B11A007C09C9 /* Resources */,
			);
			buildRules = (
			);
			dependencies = (
				322A78B02528B11A007C09C9 /* PBXTargetDependency */,
			);
			name = testIOSUITests;
			productName = testIOSUITests;
			productReference = 322A78AE2528B11A007C09C9 /* testIOSUITests.xctest */;
			productType = "com.apple.product-type.bundle.ui-testing";
		};
/* End PBXNativeTarget section */

/* Begin PBXProject section */
		322A788A2528B119007C09C9 /* Project object */ = {
			isa = PBXProject;
			attributes = {
				LastSwiftUpdateCheck = 1200;
				LastUpgradeCheck = 1200;
				TargetAttributes = {
					322A78912528B119007C09C9 = {
						CreatedOnToolsVersion = 12.0.1;
					};
					322A78A22528B11A007C09C9 = {
						CreatedOnToolsVersion = 12.0.1;
						TestTargetID = 322A78912528B119007C09C9;
					};
					322A78AD2528B11A007C09C9 = {
						CreatedOnToolsVersion = 12.0.1;
						TestTargetID = 322A78912528B119007C09C9;
					};
				};
			};
			buildConfigurationList = 322A788D2528B119007C09C9 /* Build configuration list for PBXProject "testIOS" */;
			compatibilityVersion = "Xcode 9.3";
			developmentRegion = en;
			hasScannedForEncodings = 0;
			knownRegions = (
				en,
				Base,
			);
			mainGroup = 322A78892528B119007C09C9;
			productRefGroup = 322A78932528B119007C09C9 /* Products */;
			projectDirPath = "";
			projectRoot = "";
			targets = (
				322A78912528B119007C09C9 /* testIOS */,
				322A78A22528B11A007C09C9 /* testIOSTests */,
				322A78AD2528B11A007C09C9 /* testIOSUITests */,
			);
		};
/* End PBXProject section */

/* Begin PBXResourcesBuildPhase section */
		322A78902528B119007C09C9 /* Resources */ = {
			isa = PBXResourcesBuildPhase;
			buildActionMask = 2147483647;
			files = (
				322A789D2528B11A007C09C9 /* Preview Assets.xcassets in Resources */,
				322A789A2528B11A007C09C9 /* Assets.xcassets in Resources */,
			);
			runOnlyForDeploymentPostprocessing = 0;
		};
		322A78A12528B11A007C09C9 /* Resources */ = {
			isa = PBXResourcesBuildPhase;
			buildActionMask = 2147483647;
			files = (
			);
			runOnlyForDeploymentPostprocessing = 0;
		};
		322A78AC2528B11A007C09C9 /* Resources */ = {
			isa = PBXResourcesBuildPhase;
			buildActionMask = 2147483647;
			files = (
			);
			runOnlyForDeploymentPostprocessing = 0;
		};
/* End PBXResourcesBuildPhase section */

/* Begin PBXSourcesBuildPhase section */
		322A788E2528B119007C09C9 /* Sources */ = {
			isa = PBXSourcesBuildPhase;
			buildActionMask = 2147483647;
			files = (
				322A78982528B119007C09C9 /* ContentView.swift in Sources */,
				322A78962528B119007C09C9 /* testIOSApp.swift in Sources */,
			);
			runOnlyForDeploymentPostprocessing = 0;
		};
		322A789F2528B11A007C09C9 /* Sources */ = {
			isa = PBXSourcesBuildPhase;
			buildActionMask = 2147483647;
			files = (
				322A78A82528B11A007C09C9 /* testIOSTests.swift in Sources */,
			);
			runOnlyForDeploymentPostprocessing = 0;
		};
		322A78AA2528B11A007C09C9 /* Sources */ = {
			isa = PBXSourcesBuildPhase;
			buildActionMask = 2147483647;
			files = (
				322A78B32528B11A007C09C9 /* testIOSUITests.swift in Sources */,
			);
			runOnlyForDeploymentPostprocessing = 0;
		};
/* End PBXSourcesBuildPhase section */

/* Begin PBXTargetDependency section */
		322A78A52528B11A007C09C9 /* PBXTargetDependency */ = {
			isa = PBXTargetDependency;
			target = 322A78912528B119007C09C9 /* testIOS */;
			targetProxy = 322A78A42528B11A007C09C9 /* PBXContainerItemProxy */;
		};
		322A78B02528B11A007C09C9 /* PBXTargetDependency */ = {
			isa = PBXTargetDependency;
			target = 322A78912528B119007C09C9 /* testIOS */;
			targetProxy = 322A78AF2528B11A007C09C9 /* PBXContainerItemProxy */;
		};
/* End PBXTargetDependency section */

/* Begin XCBuildConfiguration section */
		322A78B52528B11A007C09C9 /* Debug */ = {
			isa = XCBuildConfiguration;
			buildSettings = {
				ALWAYS_SEARCH_USER_PATHS = NO;
				CLANG_ANALYZER_NONNULL = YES;
				CLANG_ANALYZER_NUMBER_OBJECT_CONVERSION = YES_AGGRESSIVE;
				CLANG_CXX_LANGUAGE_STANDARD = "gnu++14";
				CLANG_CXX_LIBRARY = "libc++";
				CLANG_ENABLE_MODULES = YES;
				CLANG_ENABLE_OBJC_ARC = YES;
				CLANG_ENABLE_OBJC_WEAK = YES;
				CLANG_WARN_BLOCK_CAPTURE_AUTORELEASING = YES;
				CLANG_WARN_BOOL_CONVERSION = YES;
				CLANG_WARN_COMMA = YES;
				CLANG_WARN_CONSTANT_CONVERSION = YES;
				CLANG_WARN_DEPRECATED_OBJC_IMPLEMENTATIONS = YES;
				CLANG_WARN_DIRECT_OBJC_ISA_USAGE = YES_ERROR;
				CLANG_WARN_DOCUMENTATION_COMMENTS = YES;
				CLANG_WARN_EMPTY_BODY = YES;
				CLANG_WARN_ENUM_CONVERSION = YES;
				CLANG_WARN_INFINITE_RECURSION = YES;
				CLANG_WARN_INT_CONVERSION = YES;
				CLANG_WARN_NON_LITERAL_NULL_CONVERSION = YES;
				CLANG_WARN_OBJC_IMPLICIT_RETAIN_SELF = YES;
				CLANG_WARN_OBJC_LITERAL_CONVERSION = YES;
				CLANG_WARN_OBJC_ROOT_CLASS = YES_ERROR;
				CLANG_WARN_QUOTED_INCLUDE_IN_FRAMEWORK_HEADER = YES;
				CLANG_WARN_RANGE_LOOP_ANALYSIS = YES;
				CLANG_WARN_STRICT_PROTOTYPES = YES;
				CLANG_WARN_SUSPICIOUS_MOVE = YES;
				CLANG_WARN_UNGUARDED_AVAILABILITY = YES_AGGRESSIVE;
				CLANG_WARN_UNREACHABLE_CODE = YES;
				CLANG_WARN__DUPLICATE_METHOD_MATCH = YES;
				COPY_PHASE_STRIP = NO;
				DEBUG_INFORMATION_FORMAT = dwarf;
				ENABLE_STRICT_OBJC_MSGSEND = YES;
				ENABLE_TESTABILITY = YES;
				GCC_C_LANGUAGE_STANDARD = gnu11;
				GCC_DYNAMIC_NO_PIC = NO;
				GCC_NO_COMMON_BLOCKS = YES;
				GCC_OPTIMIZATION_LEVEL = 0;
				GCC_PREPROCESSOR_DEFINITIONS = (
					"DEBUG=1",
					"$(inherited)",
				);
				GCC_WARN_64_TO_32_BIT_CONVERSION = YES;
				GCC_WARN_ABOUT_RETURN_TYPE = YES_ERROR;
				GCC_WARN_UNDECLARED_SELECTOR = YES;
				GCC_WARN_UNINITIALIZED_AUTOS = YES_AGGRESSIVE;
				GCC_WARN_UNUSED_FUNCTION = YES;
				GCC_WARN_UNUSED_VARIABLE = YES;
				IPHONEOS_DEPLOYMENT_TARGET = 14.0;
				MTL_ENABLE_DEBUG_INFO = INCLUDE_SOURCE;
				MTL_FAST_MATH = YES;
				ONLY_ACTIVE_ARCH = YES;
				SDKROOT = iphoneos;
				SWIFT_ACTIVE_COMPILATION_CONDITIONS = DEBUG;
				SWIFT_OPTIMIZATION_LEVEL = "-Onone";
			};
			name = Debug;
		};
		322A78B62528B11A007C09C9 /* Release */ = {
			isa = XCBuildConfiguration;
			buildSettings = {
				ALWAYS_SEARCH_USER_PATHS = NO;
				CLANG_ANALYZER_NONNULL = YES;
				CLANG_ANALYZER_NUMBER_OBJECT_CONVERSION = YES_AGGRESSIVE;
				CLANG_CXX_LANGUAGE_STANDARD = "gnu++14";
				CLANG_CXX_LIBRARY = "libc++";
				CLANG_ENABLE_MODULES = YES;
				CLANG_ENABLE_OBJC_ARC = YES;
				CLANG_ENABLE_OBJC_WEAK = YES;
				CLANG_WARN_BLOCK_CAPTURE_AUTORELEASING = YES;
				CLANG_WARN_BOOL_CONVERSION = YES;
				CLANG_WARN_COMMA = YES;
				CLANG_WARN_CONSTANT_CONVERSION = YES;
				CLANG_WARN_DEPRECATED_OBJC_IMPLEMENTATIONS = YES;
				CLANG_WARN_DIRECT_OBJC_ISA_USAGE = YES_ERROR;
				CLANG_WARN_DOCUMENTATION_COMMENTS = YES;
				CLANG_WARN_EMPTY_BODY = YES;
				CLANG_WARN_ENUM_CONVERSION = YES;
				CLANG_WARN_INFINITE_RECURSION = YES;
				CLANG_WARN_INT_CONVERSION = YES;
				CLANG_WARN_NON_LITERAL_NULL_CONVERSION = YES;
				CLANG_WARN_OBJC_IMPLICIT_RETAIN_SELF = YES;
				CLANG_WARN_OBJC_LITERAL_CONVERSION = YES;
				CLANG_WARN_OBJC_ROOT_CLASS = YES_ERROR;
				CLANG_WARN_QUOTED_INCLUDE_IN_FRAMEWORK_HEADER = YES;
				CLANG_WARN_RANGE_LOOP_ANALYSIS = YES;
				CLANG_WARN_STRICT_PROTOTYPES = YES;
				CLANG_WARN_SUSPICIOUS_MOVE = YES;
				CLANG_WARN_UNGUARDED_AVAILABILITY = YES_AGGRESSIVE;
				CLANG_WARN_UNREACHABLE_CODE = YES;
				CLANG_WARN__DUPLICATE_METHOD_MATCH = YES;
				COPY_PHASE_STRIP = NO;
				DEBUG_INFORMATION_FORMAT = "dwarf-with-dsym";
				ENABLE_NS_ASSERTIONS = NO;
				ENABLE_STRICT_OBJC_MSGSEND = YES;
				GCC_C_LANGUAGE_STANDARD = gnu11;
				GCC_NO_COMMON_BLOCKS = YES;
				GCC_WARN_64_TO_32_BIT_CONVERSION = YES;
				GCC_WARN_ABOUT_RETURN_TYPE = YES_ERROR;
				GCC_WARN_UNDECLARED_SELECTOR = YES;
				GCC_WARN_UNINITIALIZED_AUTOS = YES_AGGRESSIVE;
				GCC_WARN_UNUSED_FUNCTION = YES;
				GCC_WARN_UNUSED_VARIABLE = YES;
				IPHONEOS_DEPLOYMENT_TARGET = 14.0;
				MTL_ENABLE_DEBUG_INFO = NO;
				MTL_FAST_MATH = YES;
				SDKROOT = iphoneos;
				SWIFT_COMPILATION_MODE = wholemodule;
				SWIFT_OPTIMIZATION_LEVEL = "-O";
				VALIDATE_PRODUCT = YES;
			};
			name = Release;
		};
		322A78B82528B11A007C09C9 /* Debug */ = {
			isa = XCBuildConfiguration;
			buildSettings = {
				ASSETCATALOG_COMPILER_APPICON_NAME = AppIcon;
				ASSETCATALOG_COMPILER_GLOBAL_ACCENT_COLOR_NAME = AccentColor;
				CODE_SIGN_STYLE = Automatic;
				DEVELOPMENT_ASSET_PATHS = "\"testIOS/Preview Content\"";
				ENABLE_PREVIEWS = YES;
				INFOPLIST_FILE = testIOS/Info.plist;
				IPHONEOS_DEPLOYMENT_TARGET = 14.0;
				LD_RUNPATH_SEARCH_PATHS = (
					"$(inherited)",
					"@executable_path/Frameworks",
				);
				PRODUCT_BUNDLE_IDENTIFIER = mengjianlee.testIOS;
				PRODUCT_NAME = "$(TARGET_NAME)";
				SWIFT_VERSION = 5.0;
				TARGETED_DEVICE_FAMILY = "1,2";
			};
			name = Debug;
		};
		322A78B92528B11A007C09C9 /* Release */ = {
			isa = XCBuildConfiguration;
			buildSettings = {
				ASSETCATALOG_COMPILER_APPICON_NAME = AppIcon;
				ASSETCATALOG_COMPILER_GLOBAL_ACCENT_COLOR_NAME = AccentColor;
				CODE_SIGN_STYLE = Automatic;
				DEVELOPMENT_ASSET_PATHS = "\"testIOS/Preview Content\"";
				ENABLE_PREVIEWS = YES;
				INFOPLIST_FILE = testIOS/Info.plist;
				IPHONEOS_DEPLOYMENT_TARGET = 14.0;
				LD_RUNPATH_SEARCH_PATHS = (
					"$(inherited)",
					"@executable_path/Frameworks",
				);
				PRODUCT_BUNDLE_IDENTIFIER = mengjianlee.testIOS;
				PRODUCT_NAME = "$(TARGET_NAME)";
				SWIFT_VERSION = 5.0;
				TARGETED_DEVICE_FAMILY = "1,2";
			};
			name = Release;
		};
		322A78BB2528B11A007C09C9 /* Debug */ = {
			isa = XCBuildConfiguration;
			buildSettings = {
				ALWAYS_EMBED_SWIFT_STANDARD_LIBRARIES = YES;
				BUNDLE_LOADER = "$(TEST_HOST)";
				CODE_SIGN_STYLE = Automatic;
				INFOPLIST_FILE = testIOSTests/Info.plist;
				IPHONEOS_DEPLOYMENT_TARGET = 14.0;
				LD_RUNPATH_SEARCH_PATHS = (
					"$(inherited)",
					"@executable_path/Frameworks",
					"@loader_path/Frameworks",
				);
				PRODUCT_BUNDLE_IDENTIFIER = mengjianlee.testIOSTests;
				PRODUCT_NAME = "$(TARGET_NAME)";
				SWIFT_VERSION = 5.0;
				TARGETED_DEVICE_FAMILY = "1,2";
				TEST_HOST = "$(BUILT_PRODUCTS_DIR)/testIOS.app/testIOS";
			};
			name = Debug;
		};
		322A78BC2528B11A007C09C9 /* Release */ = {
			isa = XCBuildConfiguration;
			buildSettings = {
				ALWAYS_EMBED_SWIFT_STANDARD_LIBRARIES = YES;
				BUNDLE_LOADER = "$(TEST_HOST)";
				CODE_SIGN_STYLE = Automatic;
				INFOPLIST_FILE = testIOSTests/Info.plist;
				IPHONEOS_DEPLOYMENT_TARGET = 14.0;
				LD_RUNPATH_SEARCH_PATHS = (
					"$(inherited)",
					"@executable_path/Frameworks",
					"@loader_path/Frameworks",
				);
				PRODUCT_BUNDLE_IDENTIFIER = mengjianlee.testIOSTests;
				PRODUCT_NAME = "$(TARGET_NAME)";
				SWIFT_VERSION = 5.0;
				TARGETED_DEVICE_FAMILY = "1,2";
				TEST_HOST = "$(BUILT_PRODUCTS_DIR)/testIOS.app/testIOS";
			};
			name = Release;
		};
		322A78BE2528B11A007C09C9 /* Debug */ = {
			isa = XCBuildConfiguration;
			buildSettings = {
				ALWAYS_EMBED_SWIFT_STANDARD_LIBRARIES = YES;
				CODE_SIGN_STYLE = Automatic;
				INFOPLIST_FILE = testIOSUITests/Info.plist;
				LD_RUNPATH_SEARCH_PATHS = (
					"$(inherited)",
					"@executable_path/Frameworks",
					"@loader_path/Frameworks",
				);
				PRODUCT_BUNDLE_IDENTIFIER = mengjianlee.testIOSUITests;
				PRODUCT_NAME = "$(TARGET_NAME)";
				SWIFT_VERSION = 5.0;
				TARGETED_DEVICE_FAMILY = "1,2";
				TEST_TARGET_NAME = testIOS;
			};
			name = Debug;
		};
		322A78BF2528B11A007C09C9 /* Release */ = {
			isa = XCBuildConfiguration;
			buildSettings = {
				ALWAYS_EMBED_SWIFT_STANDARD_LIBRARIES = YES;
				CODE_SIGN_STYLE = Automatic;
				INFOPLIST_FILE = testIOSUITests/Info.plist;
				LD_RUNPATH_SEARCH_PATHS = (
					"$(inherited)",
					"@executable_path/Frameworks",
					"@loader_path/Frameworks",
				);
				PRODUCT_BUNDLE_IDENTIFIER = mengjianlee.testIOSUITests;
				PRODUCT_NAME = "$(TARGET_NAME)";
				SWIFT_VERSION = 5.0;
				TARGETED_DEVICE_FAMILY = "1,2";
				TEST_TARGET_NAME = testIOS;
			};
			name = Release;
		};
/* End XCBuildConfiguration section */

/* Begin XCConfigurationList section */
		322A788D2528B119007C09C9 /* Build configuration list for PBXProject "testIOS" */ = {
			isa = XCConfigurationList;
			buildConfigurations = (
				322A78B52528B11A007C09C9 /* Debug */,
				322A78B62528B11A007C09C9 /* Release */,
			);
			defaultConfigurationIsVisible = 0;
			defaultConfigurationName = Release;
		};
		322A78B72528B11A007C09C9 /* Build configuration list for PBXNativeTarget "testIOS" */ = {
			isa = XCConfigurationList;
			buildConfigurations = (
				322A78B82528B11A007C09C9 /* Debug */,
				322A78B92528B11A007C09C9 /* Release */,
			);
			defaultConfigurationIsVisible = 0;
			defaultConfigurationName = Release;
		};
		322A78BA2528B11A007C09C9 /* Build configuration list for PBXNativeTarget "testIOSTests" */ = {
			isa = XCConfigurationList;
			buildConfigurations = (
				322A78BB2528B11A007C09C9 /* Debug */,
				322A78BC2528B11A007C09C9 /* Release */,
			);
			defaultConfigurationIsVisible = 0;
			defaultConfigurationName = Release;
		};
		322A78BD2528B11A007C09C9 /* Build configuration list for PBXNativeTarget "testIOSUITests" */ = {
			isa = XCConfigurationList;
			buildConfigurations = (
				322A78BE2528B11A007C09C9 /* Debug */,
				322A78BF2528B11A007C09C9 /* Release */,
			);
			defaultConfigurationIsVisible = 0;
			defaultConfigurationName = Release;
		};
/* End XCConfigurationList section */
	};
	rootObject = 322A788A2528B119007C09C9 /* Project object */;
}
